
Microsoft Visual Studio Solution File, Format Version 12.00
Project("{FAE04EC0-301F-11D3-BF4B-00C04F79EFBC}") = "FomeZero", "FomeZero\FomeZero.csproj", "{517E1397-A0C9-48A9-A3FF-975E15B2C07B}"
EndProject
Global
	GlobalSection(SolutionConfigurationPlatforms) = preSolution
		Debug|Any CPU = Debug|Any CPU
		Release|Any CPU = Release|Any CPU
	EndGlobalSection
	GlobalSection(ProjectConfigurationPlatforms) = postSolution
		{517E1397-A0C9-48A9-A3FF-975E15B2C07B}.Debug|Any CPU.ActiveCfg = Debug|Any CPU
		{517E1397-A0C9-48A9-A3FF-975E15B2C07B}.Debug|Any CPU.Build.0 = Debug|Any CPU
		{517E1397-A0C9-48A9-A3FF-975E15B2C07B}.Release|Any CPU.ActiveCfg = Release|Any CPU
		{517E1397-A0C9-48A9-A3FF-975E15B2C07B}.Release|Any CPU.Build.0 = Release|Any CPU
	EndGlobalSection
EndGlobal
